
Microsoft Visual Studio Solution File, Format Version 12.00
# Visual Studio 2015
Project("{FAE04EC0-301F-11D3-BF4B-00C04F79EFBC}") = "170 Digital Prototype.CSharp.Plugins", "170 Digital Prototype.CSharp.Plugins.csproj", "{800E0861-D0D8-BF89-551D-9761301C8E65}"
EndProject
Project("{FAE04EC0-301F-11D3-BF4B-00C04F79EFBC}") = "170 Digital Prototype.CSharp", "170 Digital Prototype.CSharp.csproj", "{2E620E7F-B038-DA9F-3620-0D05C61C8804}"
EndProject
Project("{FAE04EC0-301F-11D3-BF4B-00C04F79EFBC}") = "170 Digital Prototype.CSharp.Editor", "170 Digital Prototype.CSharp.Editor.csproj", "{9816E139-BCB1-1E6E-A8D6-3909740FB3A8}"
EndProject
Global
	GlobalSection(SolutionConfigurationPlatforms) = preSolution
		Debug|Any CPU = Debug|Any CPU
		Release|Any CPU = Release|Any CPU
	EndGlobalSection
	GlobalSection(ProjectConfigurationPlatforms) = postSolution
		{800E0861-D0D8-BF89-551D-9761301C8E65}.Debug|Any CPU.ActiveCfg = Debug|Any CPU
		{800E0861-D0D8-BF89-551D-9761301C8E65}.Debug|Any CPU.Build.0 = Debug|Any CPU
		{800E0861-D0D8-BF89-551D-9761301C8E65}.Release|Any CPU.ActiveCfg = Release|Any CPU
		{800E0861-D0D8-BF89-551D-9761301C8E65}.Release|Any CPU.Build.0 = Release|Any CPU
		{2E620E7F-B038-DA9F-3620-0D05C61C8804}.Debug|Any CPU.ActiveCfg = Debug|Any CPU
		{2E620E7F-B038-DA9F-3620-0D05C61C8804}.Debug|Any CPU.Build.0 = Debug|Any CPU
		{2E620E7F-B038-DA9F-3620-0D05C61C8804}.Release|Any CPU.ActiveCfg = Release|Any CPU
		{2E620E7F-B038-DA9F-3620-0D05C61C8804}.Release|Any CPU.Build.0 = Release|Any CPU
		{9816E139-BCB1-1E6E-A8D6-3909740FB3A8}.Debug|Any CPU.ActiveCfg = Debug|Any CPU
		{9816E139-BCB1-1E6E-A8D6-3909740FB3A8}.Debug|Any CPU.Build.0 = Debug|Any CPU
		{9816E139-BCB1-1E6E-A8D6-3909740FB3A8}.Release|Any CPU.ActiveCfg = Release|Any CPU
		{9816E139-BCB1-1E6E-A8D6-3909740FB3A8}.Release|Any CPU.Build.0 = Release|Any CPU
	EndGlobalSection
	GlobalSection(SolutionProperties) = preSolution
		HideSolutionNode = FALSE
	EndGlobalSection
EndGlobal
